// !$*UTF8*$!
{
	archiveVersion = 1;
	classes = {
	};
	objectVersion = 50;
	objects = {

/* Begin PBXBuildFile section */
		6CF2D91B23A4648E000576A8 /* AppDelegate.swift in Sources */ = {isa = PBXBuildFile; fileRef = 6CF2D91A23A4648E000576A8 /* AppDelegate.swift */; };
		6CF2D91D23A4648E000576A8 /* SceneDelegate.swift in Sources */ = {isa = PBXBuildFile; fileRef = 6CF2D91C23A4648E000576A8 /* SceneDelegate.swift */; };
		6CF2D91F23A4648E000576A8 /* ViewController.swift in Sources */ = {isa = PBXBuildFile; fileRef = 6CF2D91E23A4648E000576A8 /* ViewController.swift */; };
		6CF2D92423A4648F000576A8 /* Assets.xcassets in Resources */ = {isa = PBXBuildFile; fileRef = 6CF2D92323A4648F000576A8 /* Assets.xcassets */; };
		6CF2D92723A4648F000576A8 /* LaunchScreen.storyboard in Resources */ = {isa = PBXBuildFile; fileRef = 6CF2D92523A4648F000576A8 /* LaunchScreen.storyboard */; };
		6CF2D93223A4648F000576A8 /* WordQuizTests.swift in Sources */ = {isa = PBXBuildFile; fileRef = 6CF2D93123A4648F000576A8 /* WordQuizTests.swift */; };
/* End PBXBuildFile section */

/* Begin PBXContainerItemProxy section */
		6CF2D92E23A4648F000576A8 /* PBXContainerItemProxy */ = {
			isa = PBXContainerItemProxy;
			containerPortal = 6CF2D90F23A4648E000576A8 /* Project object */;
			proxyType = 1;
			remoteGlobalIDString = 6CF2D91623A4648E000576A8;
			remoteInfo = WordQuiz;
		};
/* End PBXContainerItemProxy section */

/* Begin PBXFileReference section */
		6CF2D91723A4648E000576A8 /* WordQuiz.app */ = {isa = PBXFileReference; explicitFileType = wrapper.application; includeInIndex = 0; path = WordQuiz.app; sourceTree = BUILT_PRODUCTS_DIR; };
		6CF2D91A23A4648E000576A8 /* AppDelegate.swift */ = {isa = PBXFileReference; lastKnownFileType = sourcecode.swift; path = AppDelegate.swift; sourceTree = "<group>"; };
		6CF2D91C23A4648E000576A8 /* SceneDelegate.swift */ = {isa = PBXFileReference; lastKnownFileType = sourcecode.swift; path = SceneDelegate.swift; sourceTree = "<group>"; };
		6CF2D91E23A4648E000576A8 /* ViewController.swift */ = {isa = PBXFileReference; lastKnownFileType = sourcecode.swift; path = ViewController.swift; sourceTree = "<group>"; };
		6CF2D92323A4648F000576A8 /* Assets.xcassets */ = {isa = PBXFileReference; lastKnownFileType = folder.assetcatalog; path = Assets.xcassets; sourceTree = "<group>"; };
		6CF2D92623A4648F000576A8 /* Base */ = {isa = PBXFileReference; lastKnownFileType = file.storyboard; name = Base; path = Base.lproj/LaunchScreen.storyboard; sourceTree = "<group>"; };
		6CF2D92823A4648F000576A8 /* Info.plist */ = {isa = PBXFileReference; lastKnownFileType = text.plist.xml; path = Info.plist; sourceTree = "<group>"; };
		6CF2D92D23A4648F000576A8 /* WordQuizTests.xctest */ = {isa = PBXFileReference; explicitFileType = wrapper.cfbundle; includeInIndex = 0; path = WordQuizTests.xctest; sourceTree = BUILT_PRODUCTS_DIR; };
		6CF2D93123A4648F000576A8 /* WordQuizTests.swift */ = {isa = PBXFileReference; lastKnownFileType = sourcecode.swift; path = WordQuizTests.swift; sourceTree = "<group>"; };
		6CF2D93323A4648F000576A8 /* Info.plist */ = {isa = PBXFileReference; lastKnownFileType = text.plist.xml; path = Info.plist; sourceTree = "<group>"; };
/* End PBXFileReference section */

/* Begin PBXFrameworksBuildPhase section */
		6CF2D91423A4648E000576A8 /* Frameworks */ = {
			isa = PBXFrameworksBuildPhase;
			buildActionMask = 2147483647;
			files = (
			);
			runOnlyForDeploymentPostprocessing = 0;
		};
		6CF2D92A23A4648F000576A8 /* Frameworks */ = {
			isa = PBXFrameworksBuildPhase;
			buildActionMask = 2147483647;
			files = (
			);
			runOnlyForDeploymentPostprocessing = 0;
		};
/* End PBXFrameworksBuildPhase section */

/* Begin PBXGroup section */
		6CF2D90E23A4648E000576A8 = {
			isa = PBXGroup;
			children = (
				6CF2D91923A4648E000576A8 /* WordQuiz */,
				6CF2D93023A4648F000576A8 /* WordQuizTests */,
				6CF2D91823A4648E000576A8 /* Products */,
			);
			sourceTree = "<group>";
		};
		6CF2D91823A4648E000576A8 /* Products */ = {
			isa = PBXGroup;
			children = (
				6CF2D91723A4648E000576A8 /* WordQuiz.app */,
				6CF2D92D23A4648F000576A8 /* WordQuizTests.xctest */,
			);
			name = Products;
			sourceTree = "<group>";
		};
		6CF2D91923A4648E000576A8 /* WordQuiz */ = {
			isa = PBXGroup;
			children = (
				6CF2D91A23A4648E000576A8 /* AppDelegate.swift */,
				6CF2D91C23A4648E000576A8 /* SceneDelegate.swift */,
				6CF2D91E23A4648E000576A8 /* ViewController.swift */,
				6CF2D92323A4648F000576A8 /* Assets.xcassets */,
				6CF2D92523A4648F000576A8 /* LaunchScreen.storyboard */,
				6CF2D92823A4648F000576A8 /* Info.plist */,
			);
			path = WordQuiz;
			sourceTree = "<group>";
		};
		6CF2D93023A4648F000576A8 /* WordQuizTests */ = {
			isa = PBXGroup;
			children = (
				6CF2D93123A4648F000576A8 /* WordQuizTests.swift */,
				6CF2D93323A4648F000576A8 /* Info.plist */,
			);
			path = WordQuizTests;
			sourceTree = "<group>";
		};
/* End PBXGroup section */

/* Begin PBXNativeTarget section */
		6CF2D91623A4648E000576A8 /* WordQuiz */ = {
			isa = PBXNativeTarget;
			buildConfigurationList = 6CF2D93623A4648F000576A8 /* Build configuration list for PBXNativeTarget "WordQuiz" */;
			buildPhases = (
				6CF2D91323A4648E000576A8 /* Sources */,
				6CF2D91423A4648E000576A8 /* Frameworks */,
				6CF2D91523A4648E000576A8 /* Resources */,
				6CF2D93C23A466D2000576A8 /* Swift Lint */,
			);
			buildRules = (
			);
			dependencies = (
			);
			name = WordQuiz;
			productName = WordQuiz;
			productReference = 6CF2D91723A4648E000576A8 /* WordQuiz.app */;
			productType = "com.apple.product-type.application";
		};
		6CF2D92C23A4648F000576A8 /* WordQuizTests */ = {
			isa = PBXNativeTarget;
			buildConfigurationList = 6CF2D93923A4648F000576A8 /* Build configuration list for PBXNativeTarget "WordQuizTests" */;
			buildPhases = (
				6CF2D92923A4648F000576A8 /* Sources */,
				6CF2D92A23A4648F000576A8 /* Frameworks */,
				6CF2D92B23A4648F000576A8 /* Resources */,
			);
			buildRules = (
			);
			dependencies = (
				6CF2D92F23A4648F000576A8 /* PBXTargetDependency */,
			);
			name = WordQuizTests;
			productName = WordQuizTests;
			productReference = 6CF2D92D23A4648F000576A8 /* WordQuizTests.xctest */;
			productType = "com.apple.product-type.bundle.unit-test";
		};
/* End PBXNativeTarget section */

/* Begin PBXProject section */
		6CF2D90F23A4648E000576A8 /* Project object */ = {
			isa = PBXProject;
			attributes = {
				LastSwiftUpdateCheck = 1120;
				LastUpgradeCheck = 1120;
				ORGANIZATIONNAME = "João Paulo de Oliveira Sabino";
				TargetAttributes = {
					6CF2D91623A4648E000576A8 = {
						CreatedOnToolsVersion = 11.2.1;
					};
					6CF2D92C23A4648F000576A8 = {
						CreatedOnToolsVersion = 11.2.1;
						TestTargetID = 6CF2D91623A4648E000576A8;
					};
				};
			};
			buildConfigurationList = 6CF2D91223A4648E000576A8 /* Build configuration list for PBXProject "WordQuiz" */;
			compatibilityVersion = "Xcode 9.3";
			developmentRegion = en;
			hasScannedForEncodings = 0;
			knownRegions = (
				en,
				Base,
			);
			mainGroup = 6CF2D90E23A4648E000576A8;
			productRefGroup = 6CF2D91823A4648E000576A8 /* Products */;
			projectDirPath = "";
			projectRoot = "";
			targets = (
				6CF2D91623A4648E000576A8 /* WordQuiz */,
				6CF2D92C23A4648F000576A8 /* WordQuizTests */,
			);
		};
/* End PBXProject section */

/* Begin PBXResourcesBuildPhase section */
		6CF2D91523A4648E000576A8 /* Resources */ = {
			isa = PBXResourcesBuildPhase;
			buildActionMask = 2147483647;
			files = (
				6CF2D92723A4648F000576A8 /* LaunchScreen.storyboard in Resources */,
				6CF2D92423A4648F000576A8 /* Assets.xcassets in Resources */,
			);
			runOnlyForDeploymentPostprocessing = 0;
		};
		6CF2D92B23A4648F000576A8 /* Resources */ = {
			isa = PBXResourcesBuildPhase;
			buildActionMask = 2147483647;
			files = (
			);
			runOnlyForDeploymentPostprocessing = 0;
		};
/* End PBXResourcesBuildPhase section */

/* Begin PBXShellScriptBuildPhase section */
		6CF2D93C23A466D2000576A8 /* Swift Lint */ = {
			isa = PBXShellScriptBuildPhase;
			buildActionMask = 2147483647;
			files = (
			);
			inputFileListPaths = (
			);
			inputPaths = (
			);
			name = "Swift Lint";
			outputFileListPaths = (
			);
			outputPaths = (
			);
			runOnlyForDeploymentPostprocessing = 0;
			shellPath = /bin/sh;
			shellScript = "if which swiftlint >/dev/null; then\nswiftlint\nelse\necho \"warning: SwiftLint not installed, download from https://github.com/realm/SwiftLint\"\nfi\n";
		};
/* End PBXShellScriptBuildPhase section */

/* Begin PBXSourcesBuildPhase section */
		6CF2D91323A4648E000576A8 /* Sources */ = {
			isa = PBXSourcesBuildPhase;
			buildActionMask = 2147483647;
			files = (
				6CF2D91F23A4648E000576A8 /* ViewController.swift in Sources */,
				6CF2D91B23A4648E000576A8 /* AppDelegate.swift in Sources */,
				6CF2D91D23A4648E000576A8 /* SceneDelegate.swift in Sources */,
			);
			runOnlyForDeploymentPostprocessing = 0;
		};
		6CF2D92923A4648F000576A8 /* Sources */ = {
			isa = PBXSourcesBuildPhase;
			buildActionMask = 2147483647;
			files = (
				6CF2D93223A4648F000576A8 /* WordQuizTests.swift in Sources */,
			);
			runOnlyForDeploymentPostprocessing = 0;
		};
/* End PBXSourcesBuildPhase section */

/* Begin PBXTargetDependency section */
		6CF2D92F23A4648F000576A8 /* PBXTargetDependency */ = {
			isa = PBXTargetDependency;
			target = 6CF2D91623A4648E000576A8 /* WordQuiz */;
			targetProxy = 6CF2D92E23A4648F000576A8 /* PBXContainerItemProxy */;
		};
/* End PBXTargetDependency section */

/* Begin PBXVariantGroup section */
		6CF2D92523A4648F000576A8 /* LaunchScreen.storyboard */ = {
			isa = PBXVariantGroup;
			children = (
				6CF2D92623A4648F000576A8 /* Base */,
			);
			name = LaunchScreen.storyboard;
			sourceTree = "<group>";
		};
/* End PBXVariantGroup section */

/* Begin XCBuildConfiguration section */
		6CF2D93423A4648F000576A8 /* Debug */ = {
			isa = XCBuildConfiguration;
			buildSettings = {
				ALWAYS_SEARCH_USER_PATHS = NO;
				CLANG_ANALYZER_NONNULL = YES;
				CLANG_ANALYZER_NUMBER_OBJECT_CONVERSION = YES_AGGRESSIVE;
				CLANG_CXX_LANGUAGE_STANDARD = "gnu++14";
				CLANG_CXX_LIBRARY = "libc++";
				CLANG_ENABLE_MODULES = YES;
				CLANG_ENABLE_OBJC_ARC = YES;
				CLANG_ENABLE_OBJC_WEAK = YES;
				CLANG_WARN_BLOCK_CAPTURE_AUTORELEASING = YES;
				CLANG_WARN_BOOL_CONVERSION = YES;
				CLANG_WARN_COMMA = YES;
				CLANG_WARN_CONSTANT_CONVERSION = YES;
				CLANG_WARN_DEPRECATED_OBJC_IMPLEMENTATIONS = YES;
				CLANG_WARN_DIRECT_OBJC_ISA_USAGE = YES_ERROR;
				CLANG_WARN_DOCUMENTATION_COMMENTS = YES;
				CLANG_WARN_EMPTY_BODY = YES;
				CLANG_WARN_ENUM_CONVERSION = YES;
				CLANG_WARN_INFINITE_RECURSION = YES;
				CLANG_WARN_INT_CONVERSION = YES;
				CLANG_WARN_NON_LITERAL_NULL_CONVERSION = YES;
				CLANG_WARN_OBJC_IMPLICIT_RETAIN_SELF = YES;
				CLANG_WARN_OBJC_LITERAL_CONVERSION = YES;
				CLANG_WARN_OBJC_ROOT_CLASS = YES_ERROR;
				CLANG_WARN_RANGE_LOOP_ANALYSIS = YES;
				CLANG_WARN_STRICT_PROTOTYPES = YES;
				CLANG_WARN_SUSPICIOUS_MOVE = YES;
				CLANG_WARN_UNGUARDED_AVAILABILITY = YES_AGGRESSIVE;
				CLANG_WARN_UNREACHABLE_CODE = YES;
				CLANG_WARN__DUPLICATE_METHOD_MATCH = YES;
				COPY_PHASE_STRIP = NO;
				DEBUG_INFORMATION_FORMAT = dwarf;
				ENABLE_STRICT_OBJC_MSGSEND = YES;
				ENABLE_TESTABILITY = YES;
				GCC_C_LANGUAGE_STANDARD = gnu11;
				GCC_DYNAMIC_NO_PIC = NO;
				GCC_NO_COMMON_BLOCKS = YES;
				GCC_OPTIMIZATION_LEVEL = 0;
				GCC_PREPROCESSOR_DEFINITIONS = (
					"DEBUG=1",
					"$(inherited)",
				);
				GCC_WARN_64_TO_32_BIT_CONVERSION = YES;
				GCC_WARN_ABOUT_RETURN_TYPE = YES_ERROR;
				GCC_WARN_UNDECLARED_SELECTOR = YES;
				GCC_WARN_UNINITIALIZED_AUTOS = YES_AGGRESSIVE;
				GCC_WARN_UNUSED_FUNCTION = YES;
				GCC_WARN_UNUSED_VARIABLE = YES;
				IPHONEOS_DEPLOYMENT_TARGET = 13.2;
				MTL_ENABLE_DEBUG_INFO = INCLUDE_SOURCE;
				MTL_FAST_MATH = YES;
				ONLY_ACTIVE_ARCH = YES;
				SDKROOT = iphoneos;
				SWIFT_ACTIVE_COMPILATION_CONDITIONS = DEBUG;
				SWIFT_OPTIMIZATION_LEVEL = "-Onone";
			};
			name = Debug;
		};
		6CF2D93523A4648F000576A8 /* Release */ = {
			isa = XCBuildConfiguration;
			buildSettings = {
				ALWAYS_SEARCH_USER_PATHS = NO;
				CLANG_ANALYZER_NONNULL = YES;
				CLANG_ANALYZER_NUMBER_OBJECT_CONVERSION = YES_AGGRESSIVE;
				CLANG_CXX_LANGUAGE_STANDARD = "gnu++14";
				CLANG_CXX_LIBRARY = "libc++";
				CLANG_ENABLE_MODULES = YES;
				CLANG_ENABLE_OBJC_ARC = YES;
				CLANG_ENABLE_OBJC_WEAK = YES;
				CLANG_WARN_BLOCK_CAPTURE_AUTORELEASING = YES;
				CLANG_WARN_BOOL_CONVERSION = YES;
				CLANG_WARN_COMMA = YES;
				CLANG_WARN_CONSTANT_CONVERSION = YES;
				CLANG_WARN_DEPRECATED_OBJC_IMPLEMENTATIONS = YES;
				CLANG_WARN_DIRECT_OBJC_ISA_USAGE = YES_ERROR;
				CLANG_WARN_DOCUMENTATION_COMMENTS = YES;
				CLANG_WARN_EMPTY_BODY = YES;
				CLANG_WARN_ENUM_CONVERSION = YES;
				CLANG_WARN_INFINITE_RECURSION = YES;
				CLANG_WARN_INT_CONVERSION = YES;
				CLANG_WARN_NON_LITERAL_NULL_CONVERSION = YES;
				CLANG_WARN_OBJC_IMPLICIT_RETAIN_SELF = YES;
				CLANG_WARN_OBJC_LITERAL_CONVERSION = YES;
				CLANG_WARN_OBJC_ROOT_CLASS = YES_ERROR;
				CLANG_WARN_RANGE_LOOP_ANALYSIS = YES;
				CLANG_WARN_STRICT_PROTOTYPES = YES;
				CLANG_WARN_SUSPICIOUS_MOVE = YES;
				CLANG_WARN_UNGUARDED_AVAILABILITY = YES_AGGRESSIVE;
				CLANG_WARN_UNREACHABLE_CODE = YES;
				CLANG_WARN__DUPLICATE_METHOD_MATCH = YES;
				COPY_PHASE_STRIP = NO;
				DEBUG_INFORMATION_FORMAT = "dwarf-with-dsym";
				ENABLE_NS_ASSERTIONS = NO;
				ENABLE_STRICT_OBJC_MSGSEND = YES;
				GCC_C_LANGUAGE_STANDARD = gnu11;
				GCC_NO_COMMON_BLOCKS = YES;
				GCC_WARN_64_TO_32_BIT_CONVERSION = YES;
				GCC_WARN_ABOUT_RETURN_TYPE = YES_ERROR;
				GCC_WARN_UNDECLARED_SELECTOR = YES;
				GCC_WARN_UNINITIALIZED_AUTOS = YES_AGGRESSIVE;
				GCC_WARN_UNUSED_FUNCTION = YES;
				GCC_WARN_UNUSED_VARIABLE = YES;
				IPHONEOS_DEPLOYMENT_TARGET = 13.2;
				MTL_ENABLE_DEBUG_INFO = NO;
				MTL_FAST_MATH = YES;
				SDKROOT = iphoneos;
				SWIFT_COMPILATION_MODE = wholemodule;
				SWIFT_OPTIMIZATION_LEVEL = "-O";
				VALIDATE_PRODUCT = YES;
			};
			name = Release;
		};
		6CF2D93723A4648F000576A8 /* Debug */ = {
			isa = XCBuildConfiguration;
			buildSettings = {
				ASSETCATALOG_COMPILER_APPICON_NAME = AppIcon;
				CODE_SIGN_STYLE = Automatic;
				DEVELOPMENT_TEAM = V9TV25TFN7;
				INFOPLIST_FILE = WordQuiz/Info.plist;
				LD_RUNPATH_SEARCH_PATHS = (
					"$(inherited)",
					"@executable_path/Frameworks",
				);
				PRODUCT_BUNDLE_IDENTIFIER = com.JP.WordQuiz;
				PRODUCT_NAME = "$(TARGET_NAME)";
				SWIFT_VERSION = 5.0;
				TARGETED_DEVICE_FAMILY = "1,2";
			};
			name = Debug;
		};
		6CF2D93823A4648F000576A8 /* Release */ = {
			isa = XCBuildConfiguration;
			buildSettings = {
				ASSETCATALOG_COMPILER_APPICON_NAME = AppIcon;
				CODE_SIGN_STYLE = Automatic;
				DEVELOPMENT_TEAM = V9TV25TFN7;
				INFOPLIST_FILE = WordQuiz/Info.plist;
				LD_RUNPATH_SEARCH_PATHS = (
					"$(inherited)",
					"@executable_path/Frameworks",
				);
				PRODUCT_BUNDLE_IDENTIFIER = com.JP.WordQuiz;
				PRODUCT_NAME = "$(TARGET_NAME)";
				SWIFT_VERSION = 5.0;
				TARGETED_DEVICE_FAMILY = "1,2";
			};
			name = Release;
		};
		6CF2D93A23A4648F000576A8 /* Debug */ = {
			isa = XCBuildConfiguration;
			buildSettings = {
				ALWAYS_EMBED_SWIFT_STANDARD_LIBRARIES = YES;
				BUNDLE_LOADER = "$(TEST_HOST)";
				CODE_SIGN_STYLE = Automatic;
				DEVELOPMENT_TEAM = V9TV25TFN7;
				INFOPLIST_FILE = WordQuizTests/Info.plist;
				IPHONEOS_DEPLOYMENT_TARGET = 13.2;
				LD_RUNPATH_SEARCH_PATHS = (
					"$(inherited)",
					"@executable_path/Frameworks",
					"@loader_path/Frameworks",
				);
				PRODUCT_BUNDLE_IDENTIFIER = com.JP.WordQuizTests;
				PRODUCT_NAME = "$(TARGET_NAME)";
				SWIFT_VERSION = 5.0;
				TARGETED_DEVICE_FAMILY = "1,2";
				TEST_HOST = "$(BUILT_PRODUCTS_DIR)/WordQuiz.app/WordQuiz";
			};
			name = Debug;
		};
		6CF2D93B23A4648F000576A8 /* Release */ = {
			isa = XCBuildConfiguration;
			buildSettings = {
				ALWAYS_EMBED_SWIFT_STANDARD_LIBRARIES = YES;
				BUNDLE_LOADER = "$(TEST_HOST)";
				CODE_SIGN_STYLE = Automatic;
				DEVELOPMENT_TEAM = V9TV25TFN7;
				INFOPLIST_FILE = WordQuizTests/Info.plist;
				IPHONEOS_DEPLOYMENT_TARGET = 13.2;
				LD_RUNPATH_SEARCH_PATHS = (
					"$(inherited)",
					"@executable_path/Frameworks",
					"@loader_path/Frameworks",
				);
				PRODUCT_BUNDLE_IDENTIFIER = com.JP.WordQuizTests;
				PRODUCT_NAME = "$(TARGET_NAME)";
				SWIFT_VERSION = 5.0;
				TARGETED_DEVICE_FAMILY = "1,2";
				TEST_HOST = "$(BUILT_PRODUCTS_DIR)/WordQuiz.app/WordQuiz";
			};
			name = Release;
		};
/* End XCBuildConfiguration section */

/* Begin XCConfigurationList section */
		6CF2D91223A4648E000576A8 /* Build configuration list for PBXProject "WordQuiz" */ = {
			isa = XCConfigurationList;
			buildConfigurations = (
				6CF2D93423A4648F000576A8 /* Debug */,
				6CF2D93523A4648F000576A8 /* Release */,
			);
			defaultConfigurationIsVisible = 0;
			defaultConfigurationName = Release;
		};
		6CF2D93623A4648F000576A8 /* Build configuration list for PBXNativeTarget "WordQuiz" */ = {
			isa = XCConfigurationList;
			buildConfigurations = (
				6CF2D93723A4648F000576A8 /* Debug */,
				6CF2D93823A4648F000576A8 /* Release */,
			);
			defaultConfigurationIsVisible = 0;
			defaultConfigurationName = Release;
		};
		6CF2D93923A4648F000576A8 /* Build configuration list for PBXNativeTarget "WordQuizTests" */ = {
			isa = XCConfigurationList;
			buildConfigurations = (
				6CF2D93A23A4648F000576A8 /* Debug */,
				6CF2D93B23A4648F000576A8 /* Release */,
			);
			defaultConfigurationIsVisible = 0;
			defaultConfigurationName = Release;
		};
/* End XCConfigurationList section */
	};
	rootObject = 6CF2D90F23A4648E000576A8 /* Project object */;
}
